
Microsoft Visual Studio Solution File, Format Version 12.00
# Visual Studio 2012
Project("{FAE04EC0-301F-11D3-BF4B-00C04F79EFBC}") = "WatsonSyslog", "WatsonSyslog\SyslogServer.csproj", "{251FBA1D-EAAF-4553-A2C2-83528EFE3CE5}"
EndProject
Global
	GlobalSection(SolutionConfigurationPlatforms) = preSolution
		CD_ROM|Any CPU = CD_ROM|Any CPU
		Debug|Any CPU = Debug|Any CPU
		DVD-5|Any CPU = DVD-5|Any CPU
		Release|Any CPU = Release|Any CPU
		SingleImage|Any CPU = SingleImage|Any CPU
	EndGlobalSection
	GlobalSection(ProjectConfigurationPlatforms) = postSolution
		{251FBA1D-EAAF-4553-A2C2-83528EFE3CE5}.CD_ROM|Any CPU.ActiveCfg = Release|Any CPU
		{251FBA1D-EAAF-4553-A2C2-83528EFE3CE5}.CD_ROM|Any CPU.Build.0 = Release|Any CPU
		{251FBA1D-EAAF-4553-A2C2-83528EFE3CE5}.Debug|Any CPU.ActiveCfg = Debug|Any CPU
		{251FBA1D-EAAF-4553-A2C2-83528EFE3CE5}.Debug|Any CPU.Build.0 = Debug|Any CPU
		{251FBA1D-EAAF-4553-A2C2-83528EFE3CE5}.DVD-5|Any CPU.ActiveCfg = Debug|Any CPU
		{251FBA1D-EAAF-4553-A2C2-83528EFE3CE5}.DVD-5|Any CPU.Build.0 = Debug|Any CPU
		{251FBA1D-EAAF-4553-A2C2-83528EFE3CE5}.Release|Any CPU.ActiveCfg = Release|Any CPU
		{251FBA1D-EAAF-4553-A2C2-83528EFE3CE5}.Release|Any CPU.Build.0 = Release|Any CPU
		{251FBA1D-EAAF-4553-A2C2-83528EFE3CE5}.SingleImage|Any CPU.ActiveCfg = Release|Any CPU
		{251FBA1D-EAAF-4553-A2C2-83528EFE3CE5}.SingleImage|Any CPU.Build.0 = Release|Any CPU
	EndGlobalSection
	GlobalSection(MonoDevelopProperties) = preSolution
		StartupItem = WatsonSyslog\SyslogServer.csproj
	EndGlobalSection
	GlobalSection(SolutionProperties) = preSolution
		HideSolutionNode = FALSE
	EndGlobalSection
EndGlobal
